
Microsoft Visual Studio Solution File, Format Version 12.00
# Visual Studio 15
VisualStudioVersion = 15.0.27703.2042
MinimumVisualStudioVersion = 10.0.40219.1
Project("{FAE04EC0-301F-11D3-BF4B-00C04F79EFBC}") = "Meta.Console", "Meta.Console\Meta.Console.csproj", "{447E48B6-D8A8-4609-976E-32B1239F66BA}"
EndProject
Project("{FAE04EC0-301F-11D3-BF4B-00C04F79EFBC}") = "Meta", "Meta\Meta.csproj", "{D641DD6A-DF66-4558-BBFF-84DC9001A2BA}"
EndProject
Project("{FAE04EC0-301F-11D3-BF4B-00C04F79EFBC}") = "Meta.Application", "Meta.Application\Meta.Application.csproj", "{995E5904-7E1D-48C5-A697-3D2A861CE79A}"
EndProject
Project("{FAE04EC0-301F-11D3-BF4B-00C04F79EFBC}") = "Meta.Data", "Meta.Data\Meta.Data.csproj", "{E44BB503-2C2D-43F4-9E35-8D442C477018}"
EndProject
Project("{FAE04EC0-301F-11D3-BF4B-00C04F79EFBC}") = "Meta.IoC", "Meta.IoC\Meta.IoC.csproj", "{0B26CB04-A415-4180-BACD-076A5549E08F}"
EndProject
Global
	GlobalSection(SolutionConfigurationPlatforms) = preSolution
		Debug|Any CPU = Debug|Any CPU
		Release|Any CPU = Release|Any CPU
	EndGlobalSection
	GlobalSection(ProjectConfigurationPlatforms) = postSolution
		{447E48B6-D8A8-4609-976E-32B1239F66BA}.Debug|Any CPU.ActiveCfg = Debug|Any CPU
		{447E48B6-D8A8-4609-976E-32B1239F66BA}.Debug|Any CPU.Build.0 = Debug|Any CPU
		{447E48B6-D8A8-4609-976E-32B1239F66BA}.Release|Any CPU.ActiveCfg = Release|Any CPU
		{447E48B6-D8A8-4609-976E-32B1239F66BA}.Release|Any CPU.Build.0 = Release|Any CPU
		{D641DD6A-DF66-4558-BBFF-84DC9001A2BA}.Debug|Any CPU.ActiveCfg = Debug|Any CPU
		{D641DD6A-DF66-4558-BBFF-84DC9001A2BA}.Debug|Any CPU.Build.0 = Debug|Any CPU
		{D641DD6A-DF66-4558-BBFF-84DC9001A2BA}.Release|Any CPU.ActiveCfg = Release|Any CPU
		{D641DD6A-DF66-4558-BBFF-84DC9001A2BA}.Release|Any CPU.Build.0 = Release|Any CPU
		{995E5904-7E1D-48C5-A697-3D2A861CE79A}.Debug|Any CPU.ActiveCfg = Debug|Any CPU
		{995E5904-7E1D-48C5-A697-3D2A861CE79A}.Debug|Any CPU.Build.0 = Debug|Any CPU
		{995E5904-7E1D-48C5-A697-3D2A861CE79A}.Release|Any CPU.ActiveCfg = Release|Any CPU
		{995E5904-7E1D-48C5-A697-3D2A861CE79A}.Release|Any CPU.Build.0 = Release|Any CPU
		{E44BB503-2C2D-43F4-9E35-8D442C477018}.Debug|Any CPU.ActiveCfg = Debug|Any CPU
		{E44BB503-2C2D-43F4-9E35-8D442C477018}.Debug|Any CPU.Build.0 = Debug|Any CPU
		{E44BB503-2C2D-43F4-9E35-8D442C477018}.Release|Any CPU.ActiveCfg = Release|Any CPU
		{E44BB503-2C2D-43F4-9E35-8D442C477018}.Release|Any CPU.Build.0 = Release|Any CPU
		{0B26CB04-A415-4180-BACD-076A5549E08F}.Debug|Any CPU.ActiveCfg = Debug|Any CPU
		{0B26CB04-A415-4180-BACD-076A5549E08F}.Debug|Any CPU.Build.0 = Debug|Any CPU
		{0B26CB04-A415-4180-BACD-076A5549E08F}.Release|Any CPU.ActiveCfg = Release|Any CPU
		{0B26CB04-A415-4180-BACD-076A5549E08F}.Release|Any CPU.Build.0 = Release|Any CPU
	EndGlobalSection
	GlobalSection(SolutionProperties) = preSolution
		HideSolutionNode = FALSE
	EndGlobalSection
	GlobalSection(ExtensibilityGlobals) = postSolution
		SolutionGuid = {F6E70947-3244-47A8-82FE-E490E4A9EA8C}
	EndGlobalSection
EndGlobal
